
Microsoft Visual Studio Solution File, Format Version 12.00
# Visual Studio Version 16
VisualStudioVersion = 16.0.29613.14
MinimumVisualStudioVersion = 10.0.40219.1
Project("{FAE04EC0-301F-11D3-BF4B-00C04F79EFBC}") = "CoffeShopMVC", "CoffeShopMVC.csproj", "{409705D1-5501-4AC0-ACCB-1A8F07A81755}"
EndProject
Global
	GlobalSection(SolutionConfigurationPlatforms) = preSolution
		Debug|Any CPU = Debug|Any CPU
		Release|Any CPU = Release|Any CPU
	EndGlobalSection
	GlobalSection(ProjectConfigurationPlatforms) = postSolution
		{409705D1-5501-4AC0-ACCB-1A8F07A81755}.Debug|Any CPU.ActiveCfg = Debug|Any CPU
		{409705D1-5501-4AC0-ACCB-1A8F07A81755}.Debug|Any CPU.Build.0 = Debug|Any CPU
		{409705D1-5501-4AC0-ACCB-1A8F07A81755}.Release|Any CPU.ActiveCfg = Release|Any CPU
		{409705D1-5501-4AC0-ACCB-1A8F07A81755}.Release|Any CPU.Build.0 = Release|Any CPU
	EndGlobalSection
	GlobalSection(SolutionProperties) = preSolution
		HideSolutionNode = FALSE
	EndGlobalSection
	GlobalSection(ExtensibilityGlobals) = postSolution
		SolutionGuid = {CAF61FC5-BEFE-4B5B-A03E-0A94E1841DA9}
	EndGlobalSection
EndGlobal
